
Microsoft Visual Studio Solution File, Format Version 12.00
# Visual Studio 15
VisualStudioVersion = 15.0.26730.16
MinimumVisualStudioVersion = 10.0.40219.1
Project("{8BC9CEB8-8B4A-11D0-8D11-00A0C91BC942}") = "C_dll", "C_dll\C_dll.vcxproj", "{081284B4-6921-4B7E-9189-5BC8AC779750}"
EndProject
Project("{FAE04EC0-301F-11D3-BF4B-00C04F79EFBC}") = "ConsoleApp1", "ConsoleApp1\ConsoleApp1.csproj", "{826E618B-0881-4AC1-8C4B-F0CB7D3ED39F}"
EndProject
Project("{8BC9CEB8-8B4A-11D0-8D11-00A0C91BC942}") = "CPlusDll2", "CPlusDll2\CPlusDll2.vcxproj", "{09D3DE03-5593-4437-827A-166BA7A7545C}"
EndProject
Global
	GlobalSection(SolutionConfigurationPlatforms) = preSolution
		Debug|Any CPU = Debug|Any CPU
		Debug|x64 = Debug|x64
		Debug|x86 = Debug|x86
		Release|Any CPU = Release|Any CPU
		Release|x64 = Release|x64
		Release|x86 = Release|x86
	EndGlobalSection
	GlobalSection(ProjectConfigurationPlatforms) = postSolution
		{081284B4-6921-4B7E-9189-5BC8AC779750}.Debug|Any CPU.ActiveCfg = Debug|Win32
		{081284B4-6921-4B7E-9189-5BC8AC779750}.Debug|x64.ActiveCfg = Debug|x64
		{081284B4-6921-4B7E-9189-5BC8AC779750}.Debug|x64.Build.0 = Debug|x64
		{081284B4-6921-4B7E-9189-5BC8AC779750}.Debug|x86.ActiveCfg = Debug|Win32
		{081284B4-6921-4B7E-9189-5BC8AC779750}.Debug|x86.Build.0 = Debug|Win32
		{081284B4-6921-4B7E-9189-5BC8AC779750}.Release|Any CPU.ActiveCfg = Release|Win32
		{081284B4-6921-4B7E-9189-5BC8AC779750}.Release|x64.ActiveCfg = Release|x64
		{081284B4-6921-4B7E-9189-5BC8AC779750}.Release|x64.Build.0 = Release|x64
		{081284B4-6921-4B7E-9189-5BC8AC779750}.Release|x86.ActiveCfg = Release|Win32
		{081284B4-6921-4B7E-9189-5BC8AC779750}.Release|x86.Build.0 = Release|Win32
		{826E618B-0881-4AC1-8C4B-F0CB7D3ED39F}.Debug|Any CPU.ActiveCfg = Debug|Any CPU
		{826E618B-0881-4AC1-8C4B-F0CB7D3ED39F}.Debug|Any CPU.Build.0 = Debug|Any CPU
		{826E618B-0881-4AC1-8C4B-F0CB7D3ED39F}.Debug|x64.ActiveCfg = Debug|Any CPU
		{826E618B-0881-4AC1-8C4B-F0CB7D3ED39F}.Debug|x64.Build.0 = Debug|Any CPU
		{826E618B-0881-4AC1-8C4B-F0CB7D3ED39F}.Debug|x86.ActiveCfg = Debug|Any CPU
		{826E618B-0881-4AC1-8C4B-F0CB7D3ED39F}.Debug|x86.Build.0 = Debug|Any CPU
		{826E618B-0881-4AC1-8C4B-F0CB7D3ED39F}.Release|Any CPU.ActiveCfg = Release|Any CPU
		{826E618B-0881-4AC1-8C4B-F0CB7D3ED39F}.Release|Any CPU.Build.0 = Release|Any CPU
		{826E618B-0881-4AC1-8C4B-F0CB7D3ED39F}.Release|x64.ActiveCfg = Release|Any CPU
		{826E618B-0881-4AC1-8C4B-F0CB7D3ED39F}.Release|x64.Build.0 = Release|Any CPU
		{826E618B-0881-4AC1-8C4B-F0CB7D3ED39F}.Release|x86.ActiveCfg = Release|Any CPU
		{826E618B-0881-4AC1-8C4B-F0CB7D3ED39F}.Release|x86.Build.0 = Release|Any CPU
		{09D3DE03-5593-4437-827A-166BA7A7545C}.Debug|Any CPU.ActiveCfg = Debug|Win32
		{09D3DE03-5593-4437-827A-166BA7A7545C}.Debug|x64.ActiveCfg = Debug|x64
		{09D3DE03-5593-4437-827A-166BA7A7545C}.Debug|x64.Build.0 = Debug|x64
		{09D3DE03-5593-4437-827A-166BA7A7545C}.Debug|x86.ActiveCfg = Debug|Win32
		{09D3DE03-5593-4437-827A-166BA7A7545C}.Debug|x86.Build.0 = Debug|Win32
		{09D3DE03-5593-4437-827A-166BA7A7545C}.Release|Any CPU.ActiveCfg = Release|Win32
		{09D3DE03-5593-4437-827A-166BA7A7545C}.Release|x64.ActiveCfg = Release|x64
		{09D3DE03-5593-4437-827A-166BA7A7545C}.Release|x64.Build.0 = Release|x64
		{09D3DE03-5593-4437-827A-166BA7A7545C}.Release|x86.ActiveCfg = Release|Win32
		{09D3DE03-5593-4437-827A-166BA7A7545C}.Release|x86.Build.0 = Release|Win32
	EndGlobalSection
	GlobalSection(SolutionProperties) = preSolution
		HideSolutionNode = FALSE
	EndGlobalSection
	GlobalSection(ExtensibilityGlobals) = postSolution
		SolutionGuid = {B7F32119-6DFC-4054-9235-F772F1B099C9}
	EndGlobalSection
EndGlobal
