
Microsoft Visual Studio Solution File, Format Version 12.00
# Visual Studio 15
VisualStudioVersion = 15.0.26730.16
MinimumVisualStudioVersion = 10.0.40219.1
Project("{FAE04EC0-301F-11D3-BF4B-00C04F79EFBC}") = "Lesson11_homeSerialization", "Lesson11_homeSerialization\Lesson11_homeSerialization.csproj", "{A763EB84-E1DE-4BCB-A36B-7EC59D2925D4}"
EndProject
Project("{FAE04EC0-301F-11D3-BF4B-00C04F79EFBC}") = "JSON", "JSON\JSON.csproj", "{E9F93869-F862-4ED7-9113-D15B3994394F}"
EndProject
Project("{FAE04EC0-301F-11D3-BF4B-00C04F79EFBC}") = "regex", "validate\regex.csproj", "{46844042-6C35-42DE-BE47-F576B270D664}"
EndProject
Project("{FAE04EC0-301F-11D3-BF4B-00C04F79EFBC}") = "ownattribute", "ownattribute\ownattribute.csproj", "{7515EF43-CF4A-4F2A-913F-0B61FE09C4A5}"
EndProject
Global
	GlobalSection(SolutionConfigurationPlatforms) = preSolution
		Debug|Any CPU = Debug|Any CPU
		Release|Any CPU = Release|Any CPU
	EndGlobalSection
	GlobalSection(ProjectConfigurationPlatforms) = postSolution
		{A763EB84-E1DE-4BCB-A36B-7EC59D2925D4}.Debug|Any CPU.ActiveCfg = Debug|Any CPU
		{A763EB84-E1DE-4BCB-A36B-7EC59D2925D4}.Debug|Any CPU.Build.0 = Debug|Any CPU
		{A763EB84-E1DE-4BCB-A36B-7EC59D2925D4}.Release|Any CPU.ActiveCfg = Release|Any CPU
		{A763EB84-E1DE-4BCB-A36B-7EC59D2925D4}.Release|Any CPU.Build.0 = Release|Any CPU
		{E9F93869-F862-4ED7-9113-D15B3994394F}.Debug|Any CPU.ActiveCfg = Debug|Any CPU
		{E9F93869-F862-4ED7-9113-D15B3994394F}.Debug|Any CPU.Build.0 = Debug|Any CPU
		{E9F93869-F862-4ED7-9113-D15B3994394F}.Release|Any CPU.ActiveCfg = Release|Any CPU
		{E9F93869-F862-4ED7-9113-D15B3994394F}.Release|Any CPU.Build.0 = Release|Any CPU
		{46844042-6C35-42DE-BE47-F576B270D664}.Debug|Any CPU.ActiveCfg = Debug|Any CPU
		{46844042-6C35-42DE-BE47-F576B270D664}.Debug|Any CPU.Build.0 = Debug|Any CPU
		{46844042-6C35-42DE-BE47-F576B270D664}.Release|Any CPU.ActiveCfg = Release|Any CPU
		{46844042-6C35-42DE-BE47-F576B270D664}.Release|Any CPU.Build.0 = Release|Any CPU
		{7515EF43-CF4A-4F2A-913F-0B61FE09C4A5}.Debug|Any CPU.ActiveCfg = Debug|Any CPU
		{7515EF43-CF4A-4F2A-913F-0B61FE09C4A5}.Debug|Any CPU.Build.0 = Debug|Any CPU
		{7515EF43-CF4A-4F2A-913F-0B61FE09C4A5}.Release|Any CPU.ActiveCfg = Release|Any CPU
		{7515EF43-CF4A-4F2A-913F-0B61FE09C4A5}.Release|Any CPU.Build.0 = Release|Any CPU
	EndGlobalSection
	GlobalSection(SolutionProperties) = preSolution
		HideSolutionNode = FALSE
	EndGlobalSection
	GlobalSection(ExtensibilityGlobals) = postSolution
		SolutionGuid = {3B517E23-FDD0-4FBB-B603-9C3B41D2DD0E}
	EndGlobalSection
EndGlobal
