
Microsoft Visual Studio Solution File, Format Version 12.00
# Visual Studio Version 16
VisualStudioVersion = 16.0.30204.135
MinimumVisualStudioVersion = 10.0.40219.1
Project("{FAE04EC0-301F-11D3-BF4B-00C04F79EFBC}") = "Lesson_2_Class", "Lesson_2_Class\Lesson_2_Class.csproj", "{1E4E1BE9-2DF3-424E-9618-006906015BD6}"
EndProject
Global
	GlobalSection(SolutionConfigurationPlatforms) = preSolution
		Debug|Any CPU = Debug|Any CPU
		Release|Any CPU = Release|Any CPU
	EndGlobalSection
	GlobalSection(ProjectConfigurationPlatforms) = postSolution
		{1E4E1BE9-2DF3-424E-9618-006906015BD6}.Debug|Any CPU.ActiveCfg = Debug|Any CPU
		{1E4E1BE9-2DF3-424E-9618-006906015BD6}.Debug|Any CPU.Build.0 = Debug|Any CPU
		{1E4E1BE9-2DF3-424E-9618-006906015BD6}.Release|Any CPU.ActiveCfg = Release|Any CPU
		{1E4E1BE9-2DF3-424E-9618-006906015BD6}.Release|Any CPU.Build.0 = Release|Any CPU
	EndGlobalSection
	GlobalSection(SolutionProperties) = preSolution
		HideSolutionNode = FALSE
	EndGlobalSection
	GlobalSection(ExtensibilityGlobals) = postSolution
		SolutionGuid = {1AB67273-8696-4EF6-B1DE-6F54E832F9EF}
	EndGlobalSection
EndGlobal
