
Microsoft Visual Studio Solution File, Format Version 12.00
# Visual Studio Version 16
VisualStudioVersion = 16.0.30204.135
MinimumVisualStudioVersion = 10.0.40219.1
Project("{FAE04EC0-301F-11D3-BF4B-00C04F79EFBC}") = "Classes_Abstract_Inheritance", "Classes_Abstract_Const\Classes_Abstract_Inheritance.csproj", "{8CB64CD1-B028-475A-8F95-467382C75A76}"
EndProject
Global
	GlobalSection(SolutionConfigurationPlatforms) = preSolution
		Debug|Any CPU = Debug|Any CPU
		Release|Any CPU = Release|Any CPU
	EndGlobalSection
	GlobalSection(ProjectConfigurationPlatforms) = postSolution
		{8CB64CD1-B028-475A-8F95-467382C75A76}.Debug|Any CPU.ActiveCfg = Debug|Any CPU
		{8CB64CD1-B028-475A-8F95-467382C75A76}.Debug|Any CPU.Build.0 = Debug|Any CPU
		{8CB64CD1-B028-475A-8F95-467382C75A76}.Release|Any CPU.ActiveCfg = Release|Any CPU
		{8CB64CD1-B028-475A-8F95-467382C75A76}.Release|Any CPU.Build.0 = Release|Any CPU
	EndGlobalSection
	GlobalSection(SolutionProperties) = preSolution
		HideSolutionNode = FALSE
	EndGlobalSection
	GlobalSection(ExtensibilityGlobals) = postSolution
		SolutionGuid = {161F987D-3CED-440D-94AD-CD91F9F7DCAA}
	EndGlobalSection
EndGlobal
